
Microsoft Visual Studio Solution File, Format Version 12.00
# Visual Studio Version 17
VisualStudioVersion = 17.12.35527.113 d17.12
MinimumVisualStudioVersion = 10.0.40219.1
Project("{FAE04EC0-301F-11D3-BF4B-00C04F79EFBC}") = "Sahibinden.UI", "Sahibinden.UI\Sahibinden.UI.csproj", "{8E38DF07-181F-44A7-AE6E-AA992558B479}"
EndProject
Project("{FAE04EC0-301F-11D3-BF4B-00C04F79EFBC}") = "Sahibinden.OOP", "Sahibinden.OOP\Sahibinden.OOP.csproj", "{5ACBCF27-4133-42BB-B15F-8FA1018A52FA}"
EndProject
Global
	GlobalSection(SolutionConfigurationPlatforms) = preSolution
		Debug|Any CPU = Debug|Any CPU
		Release|Any CPU = Release|Any CPU
	EndGlobalSection
	GlobalSection(ProjectConfigurationPlatforms) = postSolution
		{8E38DF07-181F-44A7-AE6E-AA992558B479}.Debug|Any CPU.ActiveCfg = Debug|Any CPU
		{8E38DF07-181F-44A7-AE6E-AA992558B479}.Debug|Any CPU.Build.0 = Debug|Any CPU
		{8E38DF07-181F-44A7-AE6E-AA992558B479}.Release|Any CPU.ActiveCfg = Release|Any CPU
		{8E38DF07-181F-44A7-AE6E-AA992558B479}.Release|Any CPU.Build.0 = Release|Any CPU
		{5ACBCF27-4133-42BB-B15F-8FA1018A52FA}.Debug|Any CPU.ActiveCfg = Debug|Any CPU
		{5ACBCF27-4133-42BB-B15F-8FA1018A52FA}.Debug|Any CPU.Build.0 = Debug|Any CPU
		{5ACBCF27-4133-42BB-B15F-8FA1018A52FA}.Release|Any CPU.ActiveCfg = Release|Any CPU
		{5ACBCF27-4133-42BB-B15F-8FA1018A52FA}.Release|Any CPU.Build.0 = Release|Any CPU
	EndGlobalSection
	GlobalSection(SolutionProperties) = preSolution
		HideSolutionNode = FALSE
	EndGlobalSection
EndGlobal
